
Microsoft Visual Studio Solution File, Format Version 12.00
# Visual Studio Version 17
VisualStudioVersion = 17.1.32228.430
MinimumVisualStudioVersion = 10.0.40219.1
Project("{FAE04EC0-301F-11D3-BF4B-00C04F79EFBC}") = "BancoBiteBank", "BancoBiteBank\BancoBiteBank.csproj", "{39B5EA9A-0C6F-4368-90CA-CA1B5696C77F}"
EndProject
Project("{FAE04EC0-301F-11D3-BF4B-00C04F79EFBC}") = "ByteBank2", "ByteBank2\ByteBank2.csproj", "{E865613A-0C20-45CE-B00C-DB8B4DA404B4}"
EndProject
Project("{FAE04EC0-301F-11D3-BF4B-00C04F79EFBC}") = "ByteBank3", "ByteBank3\ByteBank3.csproj", "{DA20562A-AADB-43D2-A9DF-C27F9E6A373A}"
EndProject
Project("{FAE04EC0-301F-11D3-BF4B-00C04F79EFBC}") = "ByteBank4", "ByteBank4\ByteBank4.csproj", "{20D262CB-216D-4E11-93E9-7E8E21AAC618}"
EndProject
Global
	GlobalSection(SolutionConfigurationPlatforms) = preSolution
		Debug|Any CPU = Debug|Any CPU
		Release|Any CPU = Release|Any CPU
	EndGlobalSection
	GlobalSection(ProjectConfigurationPlatforms) = postSolution
		{39B5EA9A-0C6F-4368-90CA-CA1B5696C77F}.Debug|Any CPU.ActiveCfg = Debug|Any CPU
		{39B5EA9A-0C6F-4368-90CA-CA1B5696C77F}.Debug|Any CPU.Build.0 = Debug|Any CPU
		{39B5EA9A-0C6F-4368-90CA-CA1B5696C77F}.Release|Any CPU.ActiveCfg = Release|Any CPU
		{39B5EA9A-0C6F-4368-90CA-CA1B5696C77F}.Release|Any CPU.Build.0 = Release|Any CPU
		{E865613A-0C20-45CE-B00C-DB8B4DA404B4}.Debug|Any CPU.ActiveCfg = Debug|Any CPU
		{E865613A-0C20-45CE-B00C-DB8B4DA404B4}.Debug|Any CPU.Build.0 = Debug|Any CPU
		{E865613A-0C20-45CE-B00C-DB8B4DA404B4}.Release|Any CPU.ActiveCfg = Release|Any CPU
		{E865613A-0C20-45CE-B00C-DB8B4DA404B4}.Release|Any CPU.Build.0 = Release|Any CPU
		{DA20562A-AADB-43D2-A9DF-C27F9E6A373A}.Debug|Any CPU.ActiveCfg = Debug|Any CPU
		{DA20562A-AADB-43D2-A9DF-C27F9E6A373A}.Debug|Any CPU.Build.0 = Debug|Any CPU
		{DA20562A-AADB-43D2-A9DF-C27F9E6A373A}.Release|Any CPU.ActiveCfg = Release|Any CPU
		{DA20562A-AADB-43D2-A9DF-C27F9E6A373A}.Release|Any CPU.Build.0 = Release|Any CPU
		{20D262CB-216D-4E11-93E9-7E8E21AAC618}.Debug|Any CPU.ActiveCfg = Debug|Any CPU
		{20D262CB-216D-4E11-93E9-7E8E21AAC618}.Debug|Any CPU.Build.0 = Debug|Any CPU
		{20D262CB-216D-4E11-93E9-7E8E21AAC618}.Release|Any CPU.ActiveCfg = Release|Any CPU
		{20D262CB-216D-4E11-93E9-7E8E21AAC618}.Release|Any CPU.Build.0 = Release|Any CPU
	EndGlobalSection
	GlobalSection(SolutionProperties) = preSolution
		HideSolutionNode = FALSE
	EndGlobalSection
	GlobalSection(ExtensibilityGlobals) = postSolution
		SolutionGuid = {F5E5631E-2DD9-45D4-840F-8745A70D4C61}
	EndGlobalSection
EndGlobal
